
Microsoft Visual Studio Solution File, Format Version 12.00
# Visual Studio Version 17
VisualStudioVersion = 17.10.35013.160
MinimumVisualStudioVersion = 10.0.40219.1
Project("{FAE04EC0-301F-11D3-BF4B-00C04F79EFBC}") = "Termnana", "Termnana\Termnana.csproj", "{8A20EC9C-BA58-4B03-970D-B2793E95C789}"
EndProject
Project("{FAE04EC0-301F-11D3-BF4B-00C04F79EFBC}") = "HelloNana", "HelloNana\HelloNana.csproj", "{36CC25E8-CDD7-4120-8B6E-E148C7438092}"
EndProject
Global
	GlobalSection(SolutionConfigurationPlatforms) = preSolution
		Debug|Any CPU = Debug|Any CPU
		Release|Any CPU = Release|Any CPU
	EndGlobalSection
	GlobalSection(ProjectConfigurationPlatforms) = postSolution
		{8A20EC9C-BA58-4B03-970D-B2793E95C789}.Debug|Any CPU.ActiveCfg = Debug|Any CPU
		{8A20EC9C-BA58-4B03-970D-B2793E95C789}.Debug|Any CPU.Build.0 = Debug|Any CPU
		{8A20EC9C-BA58-4B03-970D-B2793E95C789}.Release|Any CPU.ActiveCfg = Release|Any CPU
		{8A20EC9C-BA58-4B03-970D-B2793E95C789}.Release|Any CPU.Build.0 = Release|Any CPU
		{36CC25E8-CDD7-4120-8B6E-E148C7438092}.Debug|Any CPU.ActiveCfg = Debug|Any CPU
		{36CC25E8-CDD7-4120-8B6E-E148C7438092}.Debug|Any CPU.Build.0 = Debug|Any CPU
		{36CC25E8-CDD7-4120-8B6E-E148C7438092}.Release|Any CPU.ActiveCfg = Release|Any CPU
		{36CC25E8-CDD7-4120-8B6E-E148C7438092}.Release|Any CPU.Build.0 = Release|Any CPU
	EndGlobalSection
	GlobalSection(SolutionProperties) = preSolution
		HideSolutionNode = FALSE
	EndGlobalSection
	GlobalSection(ExtensibilityGlobals) = postSolution
		SolutionGuid = {C511DF40-331B-4FD4-A0DA-D5BDC9A7D59E}
	EndGlobalSection
EndGlobal
